
Microsoft Visual Studio Solution File, Format Version 12.00
# Visual Studio Version 17
VisualStudioVersion = 17.8.34330.188
MinimumVisualStudioVersion = 10.0.40219.1
Project("{FAE04EC0-301F-11D3-BF4B-00C04F79EFBC}") = "Catalogo.Domain", "Catalogo.Domain\Catalogo.Domain.csproj", "{B87E5AF8-4885-4065-B33E-9ECEAEAD60EA}"
EndProject
Project("{FAE04EC0-301F-11D3-BF4B-00C04F79EFBC}") = "Catalogo.Application", "Catalogo.Application\Catalogo.Application.csproj", "{95F841CA-ABDB-4610-AE67-2B4F5B10565B}"
EndProject
Project("{FAE04EC0-301F-11D3-BF4B-00C04F79EFBC}") = "Catalogo.Infrastructure", "Catalogo.Infrastructure\Catalogo.Infrastructure.csproj", "{764E2B00-A64A-406F-87AF-C6856CC3C66C}"
EndProject
Project("{FAE04EC0-301F-11D3-BF4B-00C04F79EFBC}") = "Catalogo.CrossCutting", "Catalogo.CrossCutting\Catalogo.CrossCutting.csproj", "{6AB3CC8F-7181-47F0-9B5B-2640CDE47FC8}"
EndProject
Project("{FAE04EC0-301F-11D3-BF4B-00C04F79EFBC}") = "Catalogo.API", "Catalogo.API\Catalogo.API.csproj", "{24E4ECF9-BB2D-493B-886E-BD386AB398DD}"
EndProject
Global
	GlobalSection(SolutionConfigurationPlatforms) = preSolution
		Debug|Any CPU = Debug|Any CPU
		Release|Any CPU = Release|Any CPU
	EndGlobalSection
	GlobalSection(ProjectConfigurationPlatforms) = postSolution
		{B87E5AF8-4885-4065-B33E-9ECEAEAD60EA}.Debug|Any CPU.ActiveCfg = Debug|Any CPU
		{B87E5AF8-4885-4065-B33E-9ECEAEAD60EA}.Debug|Any CPU.Build.0 = Debug|Any CPU
		{B87E5AF8-4885-4065-B33E-9ECEAEAD60EA}.Release|Any CPU.ActiveCfg = Release|Any CPU
		{B87E5AF8-4885-4065-B33E-9ECEAEAD60EA}.Release|Any CPU.Build.0 = Release|Any CPU
		{95F841CA-ABDB-4610-AE67-2B4F5B10565B}.Debug|Any CPU.ActiveCfg = Debug|Any CPU
		{95F841CA-ABDB-4610-AE67-2B4F5B10565B}.Debug|Any CPU.Build.0 = Debug|Any CPU
		{95F841CA-ABDB-4610-AE67-2B4F5B10565B}.Release|Any CPU.ActiveCfg = Release|Any CPU
		{95F841CA-ABDB-4610-AE67-2B4F5B10565B}.Release|Any CPU.Build.0 = Release|Any CPU
		{764E2B00-A64A-406F-87AF-C6856CC3C66C}.Debug|Any CPU.ActiveCfg = Debug|Any CPU
		{764E2B00-A64A-406F-87AF-C6856CC3C66C}.Debug|Any CPU.Build.0 = Debug|Any CPU
		{764E2B00-A64A-406F-87AF-C6856CC3C66C}.Release|Any CPU.ActiveCfg = Release|Any CPU
		{764E2B00-A64A-406F-87AF-C6856CC3C66C}.Release|Any CPU.Build.0 = Release|Any CPU
		{6AB3CC8F-7181-47F0-9B5B-2640CDE47FC8}.Debug|Any CPU.ActiveCfg = Debug|Any CPU
		{6AB3CC8F-7181-47F0-9B5B-2640CDE47FC8}.Debug|Any CPU.Build.0 = Debug|Any CPU
		{6AB3CC8F-7181-47F0-9B5B-2640CDE47FC8}.Release|Any CPU.ActiveCfg = Release|Any CPU
		{6AB3CC8F-7181-47F0-9B5B-2640CDE47FC8}.Release|Any CPU.Build.0 = Release|Any CPU
		{24E4ECF9-BB2D-493B-886E-BD386AB398DD}.Debug|Any CPU.ActiveCfg = Debug|Any CPU
		{24E4ECF9-BB2D-493B-886E-BD386AB398DD}.Debug|Any CPU.Build.0 = Debug|Any CPU
		{24E4ECF9-BB2D-493B-886E-BD386AB398DD}.Release|Any CPU.ActiveCfg = Release|Any CPU
		{24E4ECF9-BB2D-493B-886E-BD386AB398DD}.Release|Any CPU.Build.0 = Release|Any CPU
	EndGlobalSection
	GlobalSection(SolutionProperties) = preSolution
		HideSolutionNode = FALSE
	EndGlobalSection
	GlobalSection(ExtensibilityGlobals) = postSolution
		SolutionGuid = {2B2F386A-9B1E-4769-A327-FD1F6962EAF1}
	EndGlobalSection
EndGlobal
